
Microsoft Visual Studio Solution File, Format Version 12.00
# Visual Studio Version 17
VisualStudioVersion = 17.14.36127.28
MinimumVisualStudioVersion = 10.0.40219.1
Project("{FAE04EC0-301F-11D3-BF4B-00C04F79EFBC}") = "Redbook.Core", "Redbook.Core\Redbook.Core.csproj", "{09CFB805-1312-422B-8417-D5C6AA8D28C0}"
EndProject
Project("{2150E333-8FDC-42A3-9474-1A3956D46DE8}") = "Application", "Application", "{02EA681E-C7D8-13C7-8484-4AC65E1B71E8}"
EndProject
Project("{FAE04EC0-301F-11D3-BF4B-00C04F79EFBC}") = "WebAPI", "WebAPI\WebAPI.csproj", "{401BA197-CB32-4196-9208-AAA6BB69170A}"
EndProject
Project("{FAE04EC0-301F-11D3-BF4B-00C04F79EFBC}") = "Data", "Data\Data.csproj", "{409C5E68-30EF-4E1C-9B56-C2B04935408B}"
EndProject
Project("{FAE04EC0-301F-11D3-BF4B-00C04F79EFBC}") = "Services", "Services\Services.csproj", "{C0475369-9D61-4FE8-B235-4ABFA596547E}"
EndProject
Global
	GlobalSection(SolutionConfigurationPlatforms) = preSolution
		Debug|Any CPU = Debug|Any CPU
		Release|Any CPU = Release|Any CPU
	EndGlobalSection
	GlobalSection(ProjectConfigurationPlatforms) = postSolution
		{09CFB805-1312-422B-8417-D5C6AA8D28C0}.Debug|Any CPU.ActiveCfg = Debug|Any CPU
		{09CFB805-1312-422B-8417-D5C6AA8D28C0}.Debug|Any CPU.Build.0 = Debug|Any CPU
		{09CFB805-1312-422B-8417-D5C6AA8D28C0}.Release|Any CPU.ActiveCfg = Release|Any CPU
		{09CFB805-1312-422B-8417-D5C6AA8D28C0}.Release|Any CPU.Build.0 = Release|Any CPU
		{401BA197-CB32-4196-9208-AAA6BB69170A}.Debug|Any CPU.ActiveCfg = Debug|Any CPU
		{401BA197-CB32-4196-9208-AAA6BB69170A}.Debug|Any CPU.Build.0 = Debug|Any CPU
		{401BA197-CB32-4196-9208-AAA6BB69170A}.Release|Any CPU.ActiveCfg = Release|Any CPU
		{401BA197-CB32-4196-9208-AAA6BB69170A}.Release|Any CPU.Build.0 = Release|Any CPU
		{409C5E68-30EF-4E1C-9B56-C2B04935408B}.Debug|Any CPU.ActiveCfg = Debug|Any CPU
		{409C5E68-30EF-4E1C-9B56-C2B04935408B}.Debug|Any CPU.Build.0 = Debug|Any CPU
		{409C5E68-30EF-4E1C-9B56-C2B04935408B}.Release|Any CPU.ActiveCfg = Release|Any CPU
		{409C5E68-30EF-4E1C-9B56-C2B04935408B}.Release|Any CPU.Build.0 = Release|Any CPU
		{C0475369-9D61-4FE8-B235-4ABFA596547E}.Debug|Any CPU.ActiveCfg = Debug|Any CPU
		{C0475369-9D61-4FE8-B235-4ABFA596547E}.Debug|Any CPU.Build.0 = Debug|Any CPU
		{C0475369-9D61-4FE8-B235-4ABFA596547E}.Release|Any CPU.ActiveCfg = Release|Any CPU
		{C0475369-9D61-4FE8-B235-4ABFA596547E}.Release|Any CPU.Build.0 = Release|Any CPU
	EndGlobalSection
	GlobalSection(SolutionProperties) = preSolution
		HideSolutionNode = FALSE
	EndGlobalSection
	GlobalSection(NestedProjects) = preSolution
		{401BA197-CB32-4196-9208-AAA6BB69170A} = {02EA681E-C7D8-13C7-8484-4AC65E1B71E8}
		{409C5E68-30EF-4E1C-9B56-C2B04935408B} = {02EA681E-C7D8-13C7-8484-4AC65E1B71E8}
		{C0475369-9D61-4FE8-B235-4ABFA596547E} = {02EA681E-C7D8-13C7-8484-4AC65E1B71E8}
	EndGlobalSection
	GlobalSection(ExtensibilityGlobals) = postSolution
		SolutionGuid = {8FBFB7DC-00C7-439B-88CC-23435FB82BD4}
	EndGlobalSection
EndGlobal
